{
  "name": "aws-sandbox",
  "version": "1.0.0",
  "lockfileVersion": 1,
  "requires": true,
  "dependencies": {
    "@aws-cdk/assets": {
      "version": "1.93.0",
      "resolved": "https://registry.npmjs.org/@aws-cdk/assets/-/assets-1.93.0.tgz",
      "integrity": "sha512-fUt6OqjkH0kJ9cpJftJl7W6FMGYlIVuK8jL8/72ouQL8CBEnasjsDRp9DWxT7cH1RWkieYrd3JKWLqVg3FDc+g==",
      "requires": {
        "@aws-cdk/core": "1.93.0",
        "@aws-cdk/cx-api": "1.93.0",
        "constructs": "^3.2.0"
      }
    },
    "@aws-cdk/aws-apigateway": {
      "version": "1.93.0",
      "resolved": "https://registry.npmjs.org/@aws-cdk/aws-apigateway/-/aws-apigateway-1.93.0.tgz",
      "integrity": "sha512-korbRqW3H8LKEGaPDLPo4FrtENVLE0WsYzkhP7JB6SCrHCZWJM4RuCOax88n/rvz6Hw0LSrIPEynzueV11XOcA==",
      "requires": {
        "@aws-cdk/aws-certificatemanager": "1.93.0",
        "@aws-cdk/aws-cloudwatch": "1.93.0",
        "@aws-cdk/aws-cognito": "1.93.0",
        "@aws-cdk/aws-ec2": "1.93.0",
        "@aws-cdk/aws-elasticloadbalancingv2": "1.93.0",
        "@aws-cdk/aws-iam": "1.93.0",
        "@aws-cdk/aws-lambda": "1.93.0",
        "@aws-cdk/aws-logs": "1.93.0",
        "@aws-cdk/aws-s3": "1.93.0",
        "@aws-cdk/aws-s3-assets": "1.93.0",
        "@aws-cdk/core": "1.93.0",
        "@aws-cdk/cx-api": "1.93.0",
        "constructs": "^3.2.0"
      }
    },
    "@aws-cdk/aws-applicationautoscaling": {
      "version": "1.93.0",
      "resolved": "https://registry.npmjs.org/@aws-cdk/aws-applicationautoscaling/-/aws-applicationautoscaling-1.93.0.tgz",
      "integrity": "sha512-mPXCunz/3QwOthrw+VRZ5EGRV+W8S3LuKxWMjCp/Ij6q8DXY74TFRmznOiEE3e6rW3/Pl3BZdLu3V4Ctl6oGOg==",
      "requires": {
        "@aws-cdk/aws-autoscaling-common": "1.93.0",
        "@aws-cdk/aws-cloudwatch": "1.93.0",
        "@aws-cdk/aws-iam": "1.93.0",
        "@aws-cdk/core": "1.93.0",
        "constructs": "^3.2.0"
      }
    },
    "@aws-cdk/aws-autoscaling-common": {
      "version": "1.93.0",
      "resolved": "https://registry.npmjs.org/@aws-cdk/aws-autoscaling-common/-/aws-autoscaling-common-1.93.0.tgz",
      "integrity": "sha512-bfWYi0Zlzqg6ZfRyDU3HLxAjbB69v3nf1bO++27jrrPPE/j79fx7f9SYmtbbJnwPaUiBeeLm23I8PERyBLOmNQ==",
      "requires": {
        "@aws-cdk/aws-iam": "1.93.0",
        "@aws-cdk/core": "1.93.0",
        "constructs": "^3.2.0"
      }
    },
    "@aws-cdk/aws-certificatemanager": {
      "version": "1.93.0",
      "resolved": "https://registry.npmjs.org/@aws-cdk/aws-certificatemanager/-/aws-certificatemanager-1.93.0.tgz",
      "integrity": "sha512-m0B0FS099i4JxlYl5m3pQeVzs+kzX5r7ecoKOcJ0F3AE1IUndb6ODf3E/CPEP9A3IfOvCdF3yVv+TF3YQGVGLg==",
      "requires": {
        "@aws-cdk/aws-iam": "1.93.0",
        "@aws-cdk/aws-lambda": "1.93.0",
        "@aws-cdk/aws-route53": "1.93.0",
        "@aws-cdk/core": "1.93.0",
        "constructs": "^3.2.0"
      }
    },
    "@aws-cdk/aws-cloudformation": {
      "version": "1.93.0",
      "resolved": "https://registry.npmjs.org/@aws-cdk/aws-cloudformation/-/aws-cloudformation-1.93.0.tgz",
      "integrity": "sha512-+2rw0atlRFErwuEqfO0b+rRKoVn4oo6mPbfBULKFabDYcu56oTobaKFJ2jBNtJyXojIws2qdghSp/qg4pp0rBA==",
      "requires": {
        "@aws-cdk/aws-iam": "1.93.0",
        "@aws-cdk/aws-lambda": "1.93.0",
        "@aws-cdk/aws-s3": "1.93.0",
        "@aws-cdk/aws-sns": "1.93.0",
        "@aws-cdk/core": "1.93.0",
        "@aws-cdk/cx-api": "1.93.0",
        "constructs": "^3.2.0"
      }
    },
    "@aws-cdk/aws-cloudwatch": {
      "version": "1.93.0",
      "resolved": "https://registry.npmjs.org/@aws-cdk/aws-cloudwatch/-/aws-cloudwatch-1.93.0.tgz",
      "integrity": "sha512-oN0RZO1bvxopJTTGX18hZNnatnrXqFjv0CxLnjAToYkuCx5GSuVpigJeK0YrzDqVWC80eVnuqHSJ9ORvLTJ0/g==",
      "requires": {
        "@aws-cdk/aws-iam": "1.93.0",
        "@aws-cdk/core": "1.93.0",
        "constructs": "^3.2.0"
      }
    },
    "@aws-cdk/aws-codeguruprofiler": {
      "version": "1.93.0",
      "resolved": "https://registry.npmjs.org/@aws-cdk/aws-codeguruprofiler/-/aws-codeguruprofiler-1.93.0.tgz",
      "integrity": "sha512-ft+npsdzlokkh1mEjkAT21la4EeD33p7lv19ItfcYwgWsYR+LnzgxWRcUaa4dkKaAYlqZRy221YlkRvArngzxg==",
      "requires": {
        "@aws-cdk/aws-iam": "1.93.0",
        "@aws-cdk/core": "1.93.0",
        "constructs": "^3.2.0"
      }
    },
    "@aws-cdk/aws-cognito": {
      "version": "1.93.0",
      "resolved": "https://registry.npmjs.org/@aws-cdk/aws-cognito/-/aws-cognito-1.93.0.tgz",
      "integrity": "sha512-+07WMXa0kiaFeApaDM76+4XXFt7y71sIGy5QiTRrDKsRlSt9ja5XyAX9J2hSku06NaYRfSWY88e2TX/19R6yWA==",
      "requires": {
        "@aws-cdk/aws-certificatemanager": "1.93.0",
        "@aws-cdk/aws-iam": "1.93.0",
        "@aws-cdk/aws-lambda": "1.93.0",
        "@aws-cdk/core": "1.93.0",
        "@aws-cdk/custom-resources": "1.93.0",
        "constructs": "^3.2.0",
        "punycode": "^2.1.1"
      },
      "dependencies": {
        "punycode": {
          "version": "2.1.1",
          "bundled": true
        }
      }
    },
    "@aws-cdk/aws-dynamodb": {
      "version": "1.93.0",
      "resolved": "https://registry.npmjs.org/@aws-cdk/aws-dynamodb/-/aws-dynamodb-1.93.0.tgz",
      "integrity": "sha512-y9fzUfvwBVhxdcCkj/Gr0QWsUwkf3TIxvxwgY3VsfM3C7HzIjz4P6D+BbA1kOui0zyPhMJkcnfkdG5PObI3F6g==",
      "requires": {
        "@aws-cdk/aws-applicationautoscaling": "1.93.0",
        "@aws-cdk/aws-cloudwatch": "1.93.0",
        "@aws-cdk/aws-iam": "1.93.0",
        "@aws-cdk/aws-kms": "1.93.0",
        "@aws-cdk/aws-lambda": "1.93.0",
        "@aws-cdk/core": "1.93.0",
        "@aws-cdk/custom-resources": "1.93.0",
        "constructs": "^3.2.0"
      }
    },
    "@aws-cdk/aws-ec2": {
      "version": "1.93.0",
      "resolved": "https://registry.npmjs.org/@aws-cdk/aws-ec2/-/aws-ec2-1.93.0.tgz",
      "integrity": "sha512-LWNY3SrCR+t8DTXbf5Qszw8GJcMOZzub/bQNmlgxYyXoxrW7tiVniDKRXR8tn3CCgUV/S1YH7h60QKYd8Vg9XQ==",
      "requires": {
        "@aws-cdk/aws-cloudwatch": "1.93.0",
        "@aws-cdk/aws-iam": "1.93.0",
        "@aws-cdk/aws-kms": "1.93.0",
        "@aws-cdk/aws-logs": "1.93.0",
        "@aws-cdk/aws-s3": "1.93.0",
        "@aws-cdk/aws-s3-assets": "1.93.0",
        "@aws-cdk/aws-ssm": "1.93.0",
        "@aws-cdk/cloud-assembly-schema": "1.93.0",
        "@aws-cdk/core": "1.93.0",
        "@aws-cdk/cx-api": "1.93.0",
        "@aws-cdk/region-info": "1.93.0",
        "constructs": "^3.2.0"
      }
    },
    "@aws-cdk/aws-ecr": {
      "version": "1.93.0",
      "resolved": "https://registry.npmjs.org/@aws-cdk/aws-ecr/-/aws-ecr-1.93.0.tgz",
      "integrity": "sha512-pU9IDvO2vxE5kb3FU4ejFvy0Ei85u0j3TgYI4Fj8ZCDZj8CJ25r33t87//tWbhLJjudj4engFnJXzmxlPxx91g==",
      "requires": {
        "@aws-cdk/aws-events": "1.93.0",
        "@aws-cdk/aws-iam": "1.93.0",
        "@aws-cdk/core": "1.93.0",
        "constructs": "^3.2.0"
      }
    },
    "@aws-cdk/aws-ecr-assets": {
      "version": "1.93.0",
      "resolved": "https://registry.npmjs.org/@aws-cdk/aws-ecr-assets/-/aws-ecr-assets-1.93.0.tgz",
      "integrity": "sha512-c0GSmUduhKk4pAzzbRZqhA1GjpDVxxm9tdNBKmW1MUAOSv+xDpNeBjH636hduREUNnhuepKlWn+BGcOMcqWiHA==",
      "requires": {
        "@aws-cdk/assets": "1.93.0",
        "@aws-cdk/aws-ecr": "1.93.0",
        "@aws-cdk/aws-iam": "1.93.0",
        "@aws-cdk/aws-s3": "1.93.0",
        "@aws-cdk/core": "1.93.0",
        "@aws-cdk/cx-api": "1.93.0",
        "constructs": "^3.2.0",
        "minimatch": "^3.0.4"
      },
      "dependencies": {
        "balanced-match": {
          "version": "1.0.0",
          "bundled": true
        },
        "brace-expansion": {
          "version": "1.1.11",
          "bundled": true,
          "requires": {
            "balanced-match": "^1.0.0",
            "concat-map": "0.0.1"
          }
        },
        "concat-map": {
          "version": "0.0.1",
          "bundled": true
        },
        "minimatch": {
          "version": "3.0.4",
          "bundled": true,
          "requires": {
            "brace-expansion": "^1.1.7"
          }
        }
      }
    },
    "@aws-cdk/aws-efs": {
      "version": "1.93.0",
      "resolved": "https://registry.npmjs.org/@aws-cdk/aws-efs/-/aws-efs-1.93.0.tgz",
      "integrity": "sha512-PdifxqrNGJT4jOceredsFLh3Z0R3IDw6Exg2xMVYcGZ81vUuEiP/U8lljTXlFHrYOg/TR1vMoyrFp8CGdgBHiQ==",
      "requires": {
        "@aws-cdk/aws-ec2": "1.93.0",
        "@aws-cdk/aws-kms": "1.93.0",
        "@aws-cdk/cloud-assembly-schema": "1.93.0",
        "@aws-cdk/core": "1.93.0",
        "@aws-cdk/cx-api": "1.93.0",
        "constructs": "^3.2.0"
      }
    },
    "@aws-cdk/aws-elasticloadbalancingv2": {
      "version": "1.93.0",
      "resolved": "https://registry.npmjs.org/@aws-cdk/aws-elasticloadbalancingv2/-/aws-elasticloadbalancingv2-1.93.0.tgz",
      "integrity": "sha512-/vfqx+CNXfY721iu6BsF528dN3BUWkMTjAWnZ+wuB0IpEUK2Cd0uU5MpqiJUfjgG/a4x9CcbJgJfmR0on2o4ag==",
      "requires": {
        "@aws-cdk/aws-certificatemanager": "1.93.0",
        "@aws-cdk/aws-cloudwatch": "1.93.0",
        "@aws-cdk/aws-ec2": "1.93.0",
        "@aws-cdk/aws-iam": "1.93.0",
        "@aws-cdk/aws-lambda": "1.93.0",
        "@aws-cdk/aws-s3": "1.93.0",
        "@aws-cdk/cloud-assembly-schema": "1.93.0",
        "@aws-cdk/core": "1.93.0",
        "@aws-cdk/cx-api": "1.93.0",
        "@aws-cdk/region-info": "1.93.0",
        "constructs": "^3.2.0"
      }
    },
    "@aws-cdk/aws-events": {
      "version": "1.93.0",
      "resolved": "https://registry.npmjs.org/@aws-cdk/aws-events/-/aws-events-1.93.0.tgz",
      "integrity": "sha512-bMniBA36M6PzqF2HXdpsMEcpVe6GhqUG05v3tqrBkoOqOjS6KG7h884n60Ru/DTTVBX78XKFcr8mUt7gJcjVEQ==",
      "requires": {
        "@aws-cdk/aws-iam": "1.93.0",
        "@aws-cdk/core": "1.93.0",
        "constructs": "^3.2.0"
      }
    },
    "@aws-cdk/aws-iam": {
      "version": "1.93.0",
      "resolved": "https://registry.npmjs.org/@aws-cdk/aws-iam/-/aws-iam-1.93.0.tgz",
      "integrity": "sha512-QhRh+B4w8Q70RmAQuNxsAKfDeui5qPgT8veyLyMQ1PMuB5K2qhK8l3EYP3cwhnCU8xo0bO0Z48W64LcKlFxH0A==",
      "requires": {
        "@aws-cdk/core": "1.93.0",
        "@aws-cdk/region-info": "1.93.0",
        "constructs": "^3.2.0"
      }
    },
    "@aws-cdk/aws-kms": {
      "version": "1.93.0",
      "resolved": "https://registry.npmjs.org/@aws-cdk/aws-kms/-/aws-kms-1.93.0.tgz",
      "integrity": "sha512-bx90WaCMakEQzavpbmF/xAbGtJRhyZxlzJ6rnCpwI+2yKJjRVnHTUKsqWb5wCOo/v47n3RIL7LK5LZPiFJnR+g==",
      "requires": {
        "@aws-cdk/aws-iam": "1.93.0",
        "@aws-cdk/core": "1.93.0",
        "@aws-cdk/cx-api": "1.93.0",
        "constructs": "^3.2.0"
      }
    },
    "@aws-cdk/aws-lambda": {
      "version": "1.93.0",
      "resolved": "https://registry.npmjs.org/@aws-cdk/aws-lambda/-/aws-lambda-1.93.0.tgz",
      "integrity": "sha512-OawHCa7HHp9fLa872CtSKa2wAJz3g2oQVt0A9NzB7jDd3qkRhaVnCeVpe3tHc4hwK7srjS8xC0/ldYoQ/zOIvw==",
      "requires": {
        "@aws-cdk/aws-applicationautoscaling": "1.93.0",
        "@aws-cdk/aws-cloudwatch": "1.93.0",
        "@aws-cdk/aws-codeguruprofiler": "1.93.0",
        "@aws-cdk/aws-ec2": "1.93.0",
        "@aws-cdk/aws-ecr": "1.93.0",
        "@aws-cdk/aws-ecr-assets": "1.93.0",
        "@aws-cdk/aws-efs": "1.93.0",
        "@aws-cdk/aws-events": "1.93.0",
        "@aws-cdk/aws-iam": "1.93.0",
        "@aws-cdk/aws-kms": "1.93.0",
        "@aws-cdk/aws-logs": "1.93.0",
        "@aws-cdk/aws-s3": "1.93.0",
        "@aws-cdk/aws-s3-assets": "1.93.0",
        "@aws-cdk/aws-signer": "1.93.0",
        "@aws-cdk/aws-sqs": "1.93.0",
        "@aws-cdk/core": "1.93.0",
        "@aws-cdk/cx-api": "1.93.0",
        "constructs": "^3.2.0"
      }
    },
    "@aws-cdk/aws-logs": {
      "version": "1.93.0",
      "resolved": "https://registry.npmjs.org/@aws-cdk/aws-logs/-/aws-logs-1.93.0.tgz",
      "integrity": "sha512-jC0PGjz8Sp8/GfnJrF1Fg5u3J3Z+tWW0a9ExO+iGl2vmE91JBmwYRwU/06HDxev/E8iUZdGL6VMdlNWQ4a7m3g==",
      "requires": {
        "@aws-cdk/aws-cloudwatch": "1.93.0",
        "@aws-cdk/aws-iam": "1.93.0",
        "@aws-cdk/aws-kms": "1.93.0",
        "@aws-cdk/aws-s3-assets": "1.93.0",
        "@aws-cdk/core": "1.93.0",
        "constructs": "^3.2.0"
      }
    },
    "@aws-cdk/aws-route53": {
      "version": "1.93.0",
      "resolved": "https://registry.npmjs.org/@aws-cdk/aws-route53/-/aws-route53-1.93.0.tgz",
      "integrity": "sha512-2+1A2OtSTs/Ie/A30tYP+TIgnlabS4TtP2Nni4FODtVIPSpljvfGRZ1PhVjueFoeXNErWS0YWqaIUSyCfSnSnA==",
      "requires": {
        "@aws-cdk/aws-ec2": "1.93.0",
        "@aws-cdk/aws-iam": "1.93.0",
        "@aws-cdk/aws-logs": "1.93.0",
        "@aws-cdk/cloud-assembly-schema": "1.93.0",
        "@aws-cdk/core": "1.93.0",
        "@aws-cdk/custom-resources": "1.93.0",
        "constructs": "^3.2.0"
      }
    },
    "@aws-cdk/aws-s3": {
      "version": "1.93.0",
      "resolved": "https://registry.npmjs.org/@aws-cdk/aws-s3/-/aws-s3-1.93.0.tgz",
      "integrity": "sha512-sDm3Q0DODqxCeYLLwTg+YdKLPQnH0MXr5n6C29ZomK7xdKk8kA7LN18MwiLAfrvggZxaA/7VkWsatP3Q+bYfoQ==",
      "requires": {
        "@aws-cdk/aws-events": "1.93.0",
        "@aws-cdk/aws-iam": "1.93.0",
        "@aws-cdk/aws-kms": "1.93.0",
        "@aws-cdk/core": "1.93.0",
        "@aws-cdk/cx-api": "1.93.0",
        "constructs": "^3.2.0"
      }
    },
    "@aws-cdk/aws-s3-assets": {
      "version": "1.93.0",
      "resolved": "https://registry.npmjs.org/@aws-cdk/aws-s3-assets/-/aws-s3-assets-1.93.0.tgz",
      "integrity": "sha512-iRNp01EGjgZRcqzIiPHAzweeBwI+B6W88ZgzwEBpiGI4PD17UOvabepPm53T+kRX1Ly57iDsi121ItI2p1Akwg==",
      "requires": {
        "@aws-cdk/assets": "1.93.0",
        "@aws-cdk/aws-iam": "1.93.0",
        "@aws-cdk/aws-kms": "1.93.0",
        "@aws-cdk/aws-s3": "1.93.0",
        "@aws-cdk/core": "1.93.0",
        "@aws-cdk/cx-api": "1.93.0",
        "constructs": "^3.2.0"
      }
    },
    "@aws-cdk/aws-signer": {
      "version": "1.93.0",
      "resolved": "https://registry.npmjs.org/@aws-cdk/aws-signer/-/aws-signer-1.93.0.tgz",
      "integrity": "sha512-nLkClk9emiUVhXsYEiSqznbN23sq2IxOYemgZZP4nptKwOgRYbdQcmHzmaj7ps+cmu0yYIF26zrIGwNRJ0B2oQ==",
      "requires": {
        "@aws-cdk/core": "1.93.0",
        "constructs": "^3.2.0"
      }
    },
    "@aws-cdk/aws-sns": {
      "version": "1.93.0",
      "resolved": "https://registry.npmjs.org/@aws-cdk/aws-sns/-/aws-sns-1.93.0.tgz",
      "integrity": "sha512-acMvsQhItehHXNBS3K30Ws53DJUXbxLDfrEXQhrc0tubZEt4Oexgwla1QjrkXCBZaxIFlFH7Q3qUEkP5OtN7kQ==",
      "requires": {
        "@aws-cdk/aws-cloudwatch": "1.93.0",
        "@aws-cdk/aws-events": "1.93.0",
        "@aws-cdk/aws-iam": "1.93.0",
        "@aws-cdk/aws-kms": "1.93.0",
        "@aws-cdk/aws-sqs": "1.93.0",
        "@aws-cdk/core": "1.93.0",
        "constructs": "^3.2.0"
      }
    },
    "@aws-cdk/aws-sqs": {
      "version": "1.93.0",
      "resolved": "https://registry.npmjs.org/@aws-cdk/aws-sqs/-/aws-sqs-1.93.0.tgz",
      "integrity": "sha512-f7f0gxrCjhqPTgrW3fpnFa3RoHqWKDQBnnzSSY4DhZZINE4AIEr44zBr1bP5olQ5oybdd5McBCVNmlr6813kpw==",
      "requires": {
        "@aws-cdk/aws-cloudwatch": "1.93.0",
        "@aws-cdk/aws-iam": "1.93.0",
        "@aws-cdk/aws-kms": "1.93.0",
        "@aws-cdk/core": "1.93.0",
        "constructs": "^3.2.0"
      }
    },
    "@aws-cdk/aws-ssm": {
      "version": "1.93.0",
      "resolved": "https://registry.npmjs.org/@aws-cdk/aws-ssm/-/aws-ssm-1.93.0.tgz",
      "integrity": "sha512-ptcuPc5S5bNiI4xluHAoO4Y8fFY4vePr0bvG+l5QHTNWvvJa+TIwD/jz91xJCrt83qAHwcnjSGZj94JIK732PQ==",
      "requires": {
        "@aws-cdk/aws-iam": "1.93.0",
        "@aws-cdk/aws-kms": "1.93.0",
        "@aws-cdk/cloud-assembly-schema": "1.93.0",
        "@aws-cdk/core": "1.93.0",
        "constructs": "^3.2.0"
      }
    },
    "@aws-cdk/cloud-assembly-schema": {
      "version": "1.93.0",
      "resolved": "https://registry.npmjs.org/@aws-cdk/cloud-assembly-schema/-/cloud-assembly-schema-1.93.0.tgz",
      "integrity": "sha512-ky7MrButxqUwLS1LLSSxc5FXxr0BB9ECvJVdJJg0lfuL4+v/xB7Ba0vHdLtSd4dVPJ47MlqDdrE4uEQjlleDMQ==",
      "requires": {
        "jsonschema": "^1.4.0",
        "semver": "^7.3.4"
      },
      "dependencies": {
        "jsonschema": {
          "version": "1.4.0",
          "bundled": true
        },
        "lru-cache": {
          "version": "6.0.0",
          "bundled": true,
          "requires": {
            "yallist": "^4.0.0"
          }
        },
        "semver": {
          "version": "7.3.4",
          "bundled": true,
          "requires": {
            "lru-cache": "^6.0.0"
          }
        },
        "yallist": {
          "version": "4.0.0",
          "bundled": true
        }
      }
    },
    "@aws-cdk/core": {
      "version": "1.93.0",
      "resolved": "https://registry.npmjs.org/@aws-cdk/core/-/core-1.93.0.tgz",
      "integrity": "sha512-Z/1IZJJBfurswUKKMxoVbS0hJGIdVaTYlMCcSsYIlEVgv4D+4YfkRnWsp99IscUr1zvs+FTfM/K1ykXb8u2gaQ==",
      "requires": {
        "@aws-cdk/cloud-assembly-schema": "1.93.0",
        "@aws-cdk/cx-api": "1.93.0",
        "@aws-cdk/region-info": "1.93.0",
        "@balena/dockerignore": "^1.0.2",
        "constructs": "^3.2.0",
        "fs-extra": "^9.1.0",
        "ignore": "^5.1.8",
        "minimatch": "^3.0.4"
      },
      "dependencies": {
        "@balena/dockerignore": {
          "version": "1.0.2",
          "bundled": true
        },
        "at-least-node": {
          "version": "1.0.0",
          "bundled": true
        },
        "balanced-match": {
          "version": "1.0.0",
          "bundled": true
        },
        "brace-expansion": {
          "version": "1.1.11",
          "bundled": true,
          "requires": {
            "balanced-match": "^1.0.0",
            "concat-map": "0.0.1"
          }
        },
        "concat-map": {
          "version": "0.0.1",
          "bundled": true
        },
        "fs-extra": {
          "version": "9.1.0",
          "bundled": true,
          "requires": {
            "at-least-node": "^1.0.0",
            "graceful-fs": "^4.2.0",
            "jsonfile": "^6.0.1",
            "universalify": "^2.0.0"
          }
        },
        "graceful-fs": {
          "version": "4.2.6",
          "bundled": true
        },
        "ignore": {
          "version": "5.1.8",
          "bundled": true
        },
        "jsonfile": {
          "version": "6.1.0",
          "bundled": true,
          "requires": {
            "graceful-fs": "^4.1.6",
            "universalify": "^2.0.0"
          }
        },
        "minimatch": {
          "version": "3.0.4",
          "bundled": true,
          "requires": {
            "brace-expansion": "^1.1.7"
          }
        },
        "universalify": {
          "version": "2.0.0",
          "bundled": true
        }
      }
    },
    "@aws-cdk/custom-resources": {
      "version": "1.93.0",
      "resolved": "https://registry.npmjs.org/@aws-cdk/custom-resources/-/custom-resources-1.93.0.tgz",
      "integrity": "sha512-IzgxGK3hFFT/5BOuiNSrg8s04korg4lO7BYJdtpilroJsYLEuzv06u3XP8r8sR7XTseMbGqy5ppYfBc1glUr1w==",
      "requires": {
        "@aws-cdk/aws-cloudformation": "1.93.0",
        "@aws-cdk/aws-ec2": "1.93.0",
        "@aws-cdk/aws-iam": "1.93.0",
        "@aws-cdk/aws-lambda": "1.93.0",
        "@aws-cdk/aws-logs": "1.93.0",
        "@aws-cdk/aws-sns": "1.93.0",
        "@aws-cdk/core": "1.93.0",
        "constructs": "^3.2.0"
      }
    },
    "@aws-cdk/cx-api": {
      "version": "1.93.0",
      "resolved": "https://registry.npmjs.org/@aws-cdk/cx-api/-/cx-api-1.93.0.tgz",
      "integrity": "sha512-uZNAjYbMaSwaqIBwW9pqFwPIp38LrLyyRraHjin02QuJBubOnZEGfpcuo4Io9JPAF6h0FZbDNavlt4qkzzKS4g==",
      "requires": {
        "@aws-cdk/cloud-assembly-schema": "1.93.0",
        "semver": "^7.3.4"
      },
      "dependencies": {
        "lru-cache": {
          "version": "6.0.0",
          "bundled": true,
          "requires": {
            "yallist": "^4.0.0"
          }
        },
        "semver": {
          "version": "7.3.4",
          "bundled": true,
          "requires": {
            "lru-cache": "^6.0.0"
          }
        },
        "yallist": {
          "version": "4.0.0",
          "bundled": true
        }
      }
    },
    "@aws-cdk/region-info": {
      "version": "1.93.0",
      "resolved": "https://registry.npmjs.org/@aws-cdk/region-info/-/region-info-1.93.0.tgz",
      "integrity": "sha512-JyCIv/NlUnd+elSD74EXO6ZjhPHg5KMMdiPpZM/+8RJuHnvtKI7fL0E31/DulgeVSj/S1TvjVn0xOoKAkfQrnw=="
    },
    "@types/node": {
      "version": "14.14.34",
      "resolved": "https://registry.npmjs.org/@types/node/-/node-14.14.34.tgz",
      "integrity": "sha512-dBPaxocOK6UVyvhbnpFIj2W+S+1cBTkHQbFQfeeJhoKFbzYcVUGHvddeWPSucKATb3F0+pgDq0i6ghEaZjsugA==",
      "dev": true
    },
    "constructs": {
      "version": "3.3.65",
      "resolved": "https://registry.npmjs.org/constructs/-/constructs-3.3.65.tgz",
      "integrity": "sha512-/tjHzxwK4Nz9SAm40kkC2mij3Y3LngVVj/dvk7Xpex25/PMhVRYy1pmJ0/5I5Y6bAMG1HRjcSAyf4k9YZyxJjw=="
    },
    "typescript": {
      "version": "4.2.3",
      "resolved": "https://registry.npmjs.org/typescript/-/typescript-4.2.3.tgz",
      "integrity": "sha512-qOcYwxaByStAWrBf4x0fibwZvMRG+r4cQoTjbPtUlrWjBHbmCAww1i448U0GJ+3cNNEtebDteo/cHOR3xJ4wEw==",
      "dev": true
    }
  }
}
